
Microsoft Visual Studio Solution File, Format Version 12.00
# Visual Studio 15
VisualStudioVersion = 15.0.27130.2010
MinimumVisualStudioVersion = 10.0.40219.1
Project("{E24C65DC-7377-472B-9ABA-BC803B73C61A}") = "WebTest", ".", "{3653B972-8697-401A-8FB8-BCD0779F4013}"
	ProjectSection(WebsiteProperties) = preProject
		TargetFrameworkMoniker = ".NETFramework,Version%3Dv4.5"
		Debug.AspNetCompiler.VirtualPath = "/localhost_50033"
		Debug.AspNetCompiler.PhysicalPath = "..\..\..\Downloads\WebTest\"
		Debug.AspNetCompiler.TargetPath = "PrecompiledWeb\localhost_50033\"
		Debug.AspNetCompiler.Updateable = "true"
		Debug.AspNetCompiler.ForceOverwrite = "true"
		Debug.AspNetCompiler.FixedNames = "false"
		Debug.AspNetCompiler.Debug = "True"
		Release.AspNetCompiler.VirtualPath = "/localhost_50033"
		Release.AspNetCompiler.PhysicalPath = "..\..\..\Downloads\WebTest\"
		Release.AspNetCompiler.TargetPath = "PrecompiledWeb\localhost_50033\"
		Release.AspNetCompiler.Updateable = "true"
		Release.AspNetCompiler.ForceOverwrite = "true"
		Release.AspNetCompiler.FixedNames = "false"
		Release.AspNetCompiler.Debug = "False"
		VWDPort = "50033"
	EndProjectSection
EndProject
Global
	GlobalSection(SolutionConfigurationPlatforms) = preSolution
		Debug|Any CPU = Debug|Any CPU
	EndGlobalSection
	GlobalSection(ProjectConfigurationPlatforms) = postSolution
		{3653B972-8697-401A-8FB8-BCD0779F4013}.Debug|Any CPU.ActiveCfg = Debug|Any CPU
		{3653B972-8697-401A-8FB8-BCD0779F4013}.Debug|Any CPU.Build.0 = Debug|Any CPU
	EndGlobalSection
	GlobalSection(SolutionProperties) = preSolution
		HideSolutionNode = FALSE
	EndGlobalSection
	GlobalSection(ExtensibilityGlobals) = postSolution
		SolutionGuid = {CB685B59-28B3-4C57-8E7E-DEB810F394F4}
	EndGlobalSection
EndGlobal
